
Microsoft Visual Studio Solution File, Format Version 12.00
# Visual Studio Version 16
VisualStudioVersion = 16.0.31402.337
MinimumVisualStudioVersion = 10.0.40219.1
Project("{9A19103F-16F7-4668-BE54-9A1E7A4F7556}") = "DZ_1", "DZ_1\DZ_1.csproj", "{A2297265-85C0-481B-8389-FC5F7F08CCBA}"
EndProject
Project("{2150E333-8FDC-42A3-9474-1A3956D46DE8}") = "Solution Items", "Solution Items", "{2966C2C3-5913-4D60-B0C5-D053D8D44899}"
	ProjectSection(SolutionItems) = preProject
		Permutations.txt = Permutations.txt
		Variations_with_Repetitions.txt = Variations_with_Repetitions.txt
	EndProjectSection
EndProject
Global
	GlobalSection(SolutionConfigurationPlatforms) = preSolution
		Debug|Any CPU = Debug|Any CPU
		Release|Any CPU = Release|Any CPU
	EndGlobalSection
	GlobalSection(ProjectConfigurationPlatforms) = postSolution
		{A2297265-85C0-481B-8389-FC5F7F08CCBA}.Debug|Any CPU.ActiveCfg = Debug|Any CPU
		{A2297265-85C0-481B-8389-FC5F7F08CCBA}.Debug|Any CPU.Build.0 = Debug|Any CPU
		{A2297265-85C0-481B-8389-FC5F7F08CCBA}.Release|Any CPU.ActiveCfg = Release|Any CPU
		{A2297265-85C0-481B-8389-FC5F7F08CCBA}.Release|Any CPU.Build.0 = Release|Any CPU
	EndGlobalSection
	GlobalSection(SolutionProperties) = preSolution
		HideSolutionNode = FALSE
	EndGlobalSection
	GlobalSection(ExtensibilityGlobals) = postSolution
		SolutionGuid = {41D6AF52-156C-4721-8971-94F6C771E060}
	EndGlobalSection
EndGlobal
